
Microsoft Visual Studio Solution File, Format Version 12.00
# Visual Studio Version 17
VisualStudioVersion = 17.10.34916.146
MinimumVisualStudioVersion = 10.0.40219.1
Project("{FAE04EC0-301F-11D3-BF4B-00C04F79EFBC}") = "vlc", "vlc\vlc.csproj", "{5937AAA8-6C20-4484-A5DD-4715AE34116F}"
EndProject
Global
	GlobalSection(SolutionConfigurationPlatforms) = preSolution
		Debug|Any CPU = Debug|Any CPU
		Release|Any CPU = Release|Any CPU
	EndGlobalSection
	GlobalSection(ProjectConfigurationPlatforms) = postSolution
		{5937AAA8-6C20-4484-A5DD-4715AE34116F}.Debug|Any CPU.ActiveCfg = Debug|Any CPU
		{5937AAA8-6C20-4484-A5DD-4715AE34116F}.Debug|Any CPU.Build.0 = Debug|Any CPU
		{5937AAA8-6C20-4484-A5DD-4715AE34116F}.Release|Any CPU.ActiveCfg = Release|Any CPU
		{5937AAA8-6C20-4484-A5DD-4715AE34116F}.Release|Any CPU.Build.0 = Release|Any CPU
	EndGlobalSection
	GlobalSection(SolutionProperties) = preSolution
		HideSolutionNode = FALSE
	EndGlobalSection
	GlobalSection(ExtensibilityGlobals) = postSolution
		SolutionGuid = {00C4EBA0-ACDE-4AF4-8B4C-B4E854087779}
	EndGlobalSection
EndGlobal
